github.com/charlesetsmith/saratoga/sarflags v0.0.0-20210728070526-75de3a3b09e3 h1:vLaL4TUskrNF2kZQN/UYKdRswcpiWuswqCkHTnzeF2E=
github.com/charlesetsmith/saratoga/sarflags v0.0.0-20210728070526-75de3a3b09e3/go.mod h1:dGverSAag+6JnnbQi1nN9rEF6InGSv/tIXMvRZZ5xCQ=
github.com/charlesetsmith/saratoga/sarnet v0.0.0-20210728070526-75de3a3b09e3 h1:ZxUj4wWMzNAGZsGtCJqnGXV8NMSoxWV36BZLpSGbLCc=
github.com/charlesetsmith/saratoga/sarnet v0.0.0-20210728070526-75de3a3b09e3/go.mod h1:JtOCHsXSb45m5E17afXq6NxOJV5d8m+XmVVoRA12SuY=
github.com/charlesetsmith/saratoga/sarscreen v0.0.0-20210728070526-75de3a3b09e3 h1:s1yNnm/ZYG6Q7H3NMwDY9xqC04J5VLzDSBZnTH/Nr18=
github.com/charlesetsmith/saratoga/sarscreen v0.0.0-20210728070526-75de3a3b09e3/go.mod h1:iCXl09wVenqcTOPZUlY2tJbuIBAWCYu+vNPz/6Dauto=
github.com/charlesetsmith/saratoga/timestamp v0.0.0-20210728070526-75de3a3b09e3 h1:xIu/tkXswymX7PW/7iD042s4BBcU/MbZOfLFPVuvEvo=
github.com/charlesetsmith/saratoga/timestamp v0.0.0-20210728070526-75de3a3b09e3/go.mod h1:RWo5CbsSGjWk5+un/pVpWgqJ1TCcUh6IoFEkSmuj4h4=
github.com/jroimartin/gocui v0.4.0 h1:52jnalstgmc25FmtGcWqa0tcbMEWS6RpFLsOIO+I+E8=
github.com/jroimartin/gocui v0.4.0/go.mod h1:7i7bbj99OgFHzo7kB2zPb8pXLqMBSQegY7azfqXMkyY=
github.com/mattn/go-runewidth v0.0.9 h1:Lm995f3rfxdpd6TSmuVCHVb/QhupuXlYr8sCI/QdE+0=
github.com/mattn/go-runewidth v0.0.9/go.mod h1:H031xJmbD/WCDINGzjvQ9THkh0rPKHF+m2gUSrubnMI=
github.com/nsf/termbox-go v1.1.1 h1:nksUPLCb73Q++DwbYUBEglYBRPZyoXJdrj5L+TkjyZY=
github.com/nsf/termbox-go v1.1.1/go.mod h1:T0cTdVuOwf7pHQNtfhnEbzHbcNyCEcVU4YPpouCbVxo=
