github.com/charlesetsmith/saratoga/sarflags v0.0.0-20210728070526-75de3a3b09e3 h1:vLaL4TUskrNF2kZQN/UYKdRswcpiWuswqCkHTnzeF2E=
github.com/charlesetsmith/saratoga/sarflags v0.0.0-20210728070526-75de3a3b09e3/go.mod h1:dGverSAag+6JnnbQi1nN9rEF6InGSv/tIXMvRZZ5xCQ=
github.com/charlesetsmith/saratoga/sarsys v0.0.0-20210728070526-75de3a3b09e3 h1:QEDEC3S1YBu2ZEQnirs6OjSP6uX9zVroP6IobO5wNok=
github.com/charlesetsmith/saratoga/sarsys v0.0.0-20210728070526-75de3a3b09e3/go.mod h1:nG/ipd2ja6lXgiqE6JDs8hoitMALk0yx4SMPiLdrqzc=
github.com/charlesetsmith/saratoga/timestamp v0.0.0-20210728070526-75de3a3b09e3 h1:xIu/tkXswymX7PW/7iD042s4BBcU/MbZOfLFPVuvEvo=
github.com/charlesetsmith/saratoga/timestamp v0.0.0-20210728070526-75de3a3b09e3/go.mod h1:RWo5CbsSGjWk5+un/pVpWgqJ1TCcUh6IoFEkSmuj4h4=
