github.com/charlesetsmith/saratoga/beacon v0.0.0-20210728070526-75de3a3b09e3 h1:/ugPfXS+2jD95FHHoMvGj9VK485n8zzkP6bmi7KbNUU=
github.com/charlesetsmith/saratoga/beacon v0.0.0-20210728070526-75de3a3b09e3/go.mod h1:wT2H8M3trIhRhZanHkq9kAxgvI3ky9tD0LmCixAWqKE=
github.com/charlesetsmith/saratoga/data v0.0.0-20210728070526-75de3a3b09e3 h1:/dqS+RMWfnSZVpbFTxF68YY7JNc3VbcK0GrBU8SieaQ=
github.com/charlesetsmith/saratoga/data v0.0.0-20210728070526-75de3a3b09e3/go.mod h1:Myv7Xz/6P1Uzw4Aw9udnrSYEC0i4v5wXT2zU2IUjKmU=
github.com/charlesetsmith/saratoga/dirent v0.0.0-20210728070526-75de3a3b09e3 h1:gvWAluUeq4LZUq2ZcoNg05tcvXCJ9IIXLJtxsZTIa8s=
github.com/charlesetsmith/saratoga/dirent v0.0.0-20210728070526-75de3a3b09e3/go.mod h1:FlJ7utKz2ePxnL/3BXZEdATGq2yYTT0ZLwKBogSgIQA=
github.com/charlesetsmith/saratoga/frames v0.0.0-20210728070526-75de3a3b09e3 h1:fLIfw4ky/XZG0EGQlh4YpWr7J9ulG+8p9REFgMDL4fY=
github.com/charlesetsmith/saratoga/frames v0.0.0-20210728070526-75de3a3b09e3/go.mod h1:vQyQRFb0izk7Z1jPUva0zGgv37iEeIbFfroczsSMOHA=
github.com/charlesetsmith/saratoga/holes v0.0.0-20210728070526-75de3a3b09e3 h1:KbbP0+uUcBoMkZlRS242dV5HmFCeYRQ9WJuERpDlxQo=
github.com/charlesetsmith/saratoga/holes v0.0.0-20210728070526-75de3a3b09e3/go.mod h1:FolBySBqHe+s8Rd9q8duaNl/L8Zp6l9CwosXOIMeMv0=
github.com/charlesetsmith/saratoga/metadata v0.0.0-20210728070526-75de3a3b09e3 h1:Zw3UeEbiRNSTyM66Z7EYJG+kNFrcOh2DxfA5sPwF1Xo=
github.com/charlesetsmith/saratoga/metadata v0.0.0-20210728070526-75de3a3b09e3/go.mod h1:fk6F1Qq04d4F7hK1QGSY4OMJzLv2tn6c6jFy1Jw8gSQ=
github.com/charlesetsmith/saratoga/request v0.0.0-20210728070526-75de3a3b09e3 h1:65OUrHWI0mWbqRL8KgyD1gLbblhd1WWPE4p3/PRW2nM=
github.com/charlesetsmith/saratoga/request v0.0.0-20210728070526-75de3a3b09e3/go.mod h1:8rCirKGxD9Ah8ArMHQRgb03G+7nfEshR1dRLFnqhR/Q=
github.com/charlesetsmith/saratoga/sarflags v0.0.0-20210728070526-75de3a3b09e3 h1:vLaL4TUskrNF2kZQN/UYKdRswcpiWuswqCkHTnzeF2E=
github.com/charlesetsmith/saratoga/sarflags v0.0.0-20210728070526-75de3a3b09e3/go.mod h1:dGverSAag+6JnnbQi1nN9rEF6InGSv/tIXMvRZZ5xCQ=
github.com/charlesetsmith/saratoga/sarnet v0.0.0-20210728070526-75de3a3b09e3/go.mod h1:JtOCHsXSb45m5E17afXq6NxOJV5d8m+XmVVoRA12SuY=
github.com/charlesetsmith/saratoga/sarnet v0.0.0-20210728074131-25506818d495 h1:kkHtX9UHJb6q39zyBbrsJjiYrKw/FeQJDY6Ca0wyREA=
github.com/charlesetsmith/saratoga/sarnet v0.0.0-20210728074131-25506818d495/go.mod h1:JtOCHsXSb45m5E17afXq6NxOJV5d8m+XmVVoRA12SuY=
github.com/charlesetsmith/saratoga/sarscreen v0.0.0-20210728070526-75de3a3b09e3/go.mod h1:iCXl09wVenqcTOPZUlY2tJbuIBAWCYu+vNPz/6Dauto=
github.com/charlesetsmith/saratoga/sarscreen v0.0.0-20210728074131-25506818d495 h1:e7l3ev8E+Mrm8q21w2+py4sUlAgf+fkkP0l8n0XZ9JM=
github.com/charlesetsmith/saratoga/sarscreen v0.0.0-20210728074131-25506818d495/go.mod h1:a92XW2bD+tpy/KFfyaRm5Nxa4qx7Qm1Z18s/tmWNEpk=
github.com/charlesetsmith/saratoga/sarsys v0.0.0-20210728070526-75de3a3b09e3 h1:QEDEC3S1YBu2ZEQnirs6OjSP6uX9zVroP6IobO5wNok=
github.com/charlesetsmith/saratoga/sarsys v0.0.0-20210728070526-75de3a3b09e3/go.mod h1:nG/ipd2ja6lXgiqE6JDs8hoitMALk0yx4SMPiLdrqzc=
github.com/charlesetsmith/saratoga/status v0.0.0-20210728070526-75de3a3b09e3 h1:c6AaxqnY1bYg7QoDCOx6s2qvZpCwQ25E80aBOLMORME=
github.com/charlesetsmith/saratoga/status v0.0.0-20210728070526-75de3a3b09e3/go.mod h1:0XwGitRRfyyX4PGaqEifgHdHp6MXdxobKyUITalflFo=
github.com/charlesetsmith/saratoga/timestamp v0.0.0-20210728070526-75de3a3b09e3 h1:xIu/tkXswymX7PW/7iD042s4BBcU/MbZOfLFPVuvEvo=
github.com/charlesetsmith/saratoga/timestamp v0.0.0-20210728070526-75de3a3b09e3/go.mod h1:RWo5CbsSGjWk5+un/pVpWgqJ1TCcUh6IoFEkSmuj4h4=
github.com/charlesetsmith/saratoga/transfer v0.0.0-20210728074131-25506818d495 h1:8xbZrlJ+Wv+dsMhZcg6lmAMO7CBYIAzvtGGqmJhfBxw=
github.com/charlesetsmith/saratoga/transfer v0.0.0-20210728074131-25506818d495/go.mod h1:vCKznMyDi9DlDRxuuJBAE+eSvmghYbcH3QiliWrahGE=
github.com/jroimartin/gocui v0.4.0 h1:52jnalstgmc25FmtGcWqa0tcbMEWS6RpFLsOIO+I+E8=
github.com/jroimartin/gocui v0.4.0/go.mod h1:7i7bbj99OgFHzo7kB2zPb8pXLqMBSQegY7azfqXMkyY=
github.com/mattn/go-runewidth v0.0.9 h1:Lm995f3rfxdpd6TSmuVCHVb/QhupuXlYr8sCI/QdE+0=
github.com/mattn/go-runewidth v0.0.9/go.mod h1:H031xJmbD/WCDINGzjvQ9THkh0rPKHF+m2gUSrubnMI=
github.com/nsf/termbox-go v1.1.1 h1:nksUPLCb73Q++DwbYUBEglYBRPZyoXJdrj5L+TkjyZY=
github.com/nsf/termbox-go v1.1.1/go.mod h1:T0cTdVuOwf7pHQNtfhnEbzHbcNyCEcVU4YPpouCbVxo=
