github.com/charlesetsmith/saratoga/beacon v0.0.0-20210818215558-ed7a21b17a3e/go.mod h1:/am2nE4gBTIeB9lLniSCsf57Khow9PcMPerw6rmDGv4=
github.com/charlesetsmith/saratoga/beacon v0.0.0-20210819081733-a307345436dd h1:AqBjnGhw1X7EoXcpm34xfqnGJ/FszQ9Bs206ev6IFl4=
github.com/charlesetsmith/saratoga/beacon v0.0.0-20210819081733-a307345436dd/go.mod h1:/am2nE4gBTIeB9lLniSCsf57Khow9PcMPerw6rmDGv4=
github.com/charlesetsmith/saratoga/cli v0.0.0-20210819081733-a307345436dd h1:NygZL9tBWOmgexXAY2K/f1PWwtaPhJJQkGvqxr7xtWU=
github.com/charlesetsmith/saratoga/cli v0.0.0-20210819081733-a307345436dd/go.mod h1:QWQaB/FQCnQmVi9yYvhM6obWsXPNmi/C+X1UPavCLv4=
github.com/charlesetsmith/saratoga/data v0.0.0-20210818213307-eee4f318e7fc/go.mod h1:mTD7bEIn3WQvaPkrydDLgyUyHyklh3UqERDdBX+LVFA=
github.com/charlesetsmith/saratoga/data v0.0.0-20210818215558-ed7a21b17a3e/go.mod h1:mTD7bEIn3WQvaPkrydDLgyUyHyklh3UqERDdBX+LVFA=
github.com/charlesetsmith/saratoga/data v0.0.0-20210819081132-03f5a8a795c7 h1:E0tpl6zsh1NI1jc39NB2dTz0/lr6RiYmUC+sE8PH+DE=
github.com/charlesetsmith/saratoga/data v0.0.0-20210819081132-03f5a8a795c7/go.mod h1:mTD7bEIn3WQvaPkrydDLgyUyHyklh3UqERDdBX+LVFA=
github.com/charlesetsmith/saratoga/dirent v0.0.0-20210728070526-75de3a3b09e3/go.mod h1:FlJ7utKz2ePxnL/3BXZEdATGq2yYTT0ZLwKBogSgIQA=
github.com/charlesetsmith/saratoga/dirent v0.0.0-20210818214505-c90cac5e42df/go.mod h1:RK2wBv8jYoKGkyoLk7dTmrUyeQeqJQ4CmdZRJDVxKk4=
github.com/charlesetsmith/saratoga/dirent v0.0.0-20210818215558-ed7a21b17a3e/go.mod h1:RK2wBv8jYoKGkyoLk7dTmrUyeQeqJQ4CmdZRJDVxKk4=
github.com/charlesetsmith/saratoga/dirent v0.0.0-20210819081733-a307345436dd h1:YQJ/dJGT9Z/TvLKNgSW3wF4X6KlIh4kYbseyyInlDn4=
github.com/charlesetsmith/saratoga/dirent v0.0.0-20210819081733-a307345436dd/go.mod h1:RK2wBv8jYoKGkyoLk7dTmrUyeQeqJQ4CmdZRJDVxKk4=
github.com/charlesetsmith/saratoga/frames v0.0.0-20210728070526-75de3a3b09e3/go.mod h1:vQyQRFb0izk7Z1jPUva0zGgv37iEeIbFfroczsSMOHA=
github.com/charlesetsmith/saratoga/frames v0.0.0-20210818214505-c90cac5e42df/go.mod h1:IiQ6sQA7pwiPJ4Omj/KKIIVuLRpZRCgi6nCOJTUFncE=
github.com/charlesetsmith/saratoga/frames v0.0.0-20210818215558-ed7a21b17a3e/go.mod h1:IiQ6sQA7pwiPJ4Omj/KKIIVuLRpZRCgi6nCOJTUFncE=
github.com/charlesetsmith/saratoga/frames v0.0.0-20210819081733-a307345436dd h1:VrFKgd2TftG7U6JwSyKVl7G3rHhTAzTLnuEJqOfC8A0=
github.com/charlesetsmith/saratoga/frames v0.0.0-20210819081733-a307345436dd/go.mod h1:IiQ6sQA7pwiPJ4Omj/KKIIVuLRpZRCgi6nCOJTUFncE=
github.com/charlesetsmith/saratoga/holes v0.0.0-20210728070526-75de3a3b09e3/go.mod h1:FolBySBqHe+s8Rd9q8duaNl/L8Zp6l9CwosXOIMeMv0=
github.com/charlesetsmith/saratoga/holes v0.0.0-20210818214505-c90cac5e42df/go.mod h1:FolBySBqHe+s8Rd9q8duaNl/L8Zp6l9CwosXOIMeMv0=
github.com/charlesetsmith/saratoga/holes v0.0.0-20210818221455-ec3151c9362d/go.mod h1:FolBySBqHe+s8Rd9q8duaNl/L8Zp6l9CwosXOIMeMv0=
github.com/charlesetsmith/saratoga/holes v0.0.0-20210819081733-a307345436dd h1:Twwt8+N8/0oQgyXqTMV+K3Wb/+GkstIpOVY1NItjJYw=
github.com/charlesetsmith/saratoga/holes v0.0.0-20210819081733-a307345436dd/go.mod h1:FolBySBqHe+s8Rd9q8duaNl/L8Zp6l9CwosXOIMeMv0=
github.com/charlesetsmith/saratoga/metadata v0.0.0-20210818214505-c90cac5e42df/go.mod h1:ZtTreDTKPmxNh2FlmT9r4ceWCavOc7SHOD7IQ4rNqi4=
github.com/charlesetsmith/saratoga/metadata v0.0.0-20210818215558-ed7a21b17a3e/go.mod h1:ZtTreDTKPmxNh2FlmT9r4ceWCavOc7SHOD7IQ4rNqi4=
github.com/charlesetsmith/saratoga/metadata v0.0.0-20210819081733-a307345436dd h1:Ime/olRPTz9OAbaJmUDWFm9sHFriD7PiR/Bgqbtbl/Q=
github.com/charlesetsmith/saratoga/metadata v0.0.0-20210819081733-a307345436dd/go.mod h1:ZtTreDTKPmxNh2FlmT9r4ceWCavOc7SHOD7IQ4rNqi4=
github.com/charlesetsmith/saratoga/request v0.0.0-20210818213307-eee4f318e7fc/go.mod h1:Lg6Zsp6PFSBw/KQ+8q5qmMRgdf5jcR+1+qNeDu0kQBw=
github.com/charlesetsmith/saratoga/request v0.0.0-20210818215558-ed7a21b17a3e/go.mod h1:Lg6Zsp6PFSBw/KQ+8q5qmMRgdf5jcR+1+qNeDu0kQBw=
github.com/charlesetsmith/saratoga/request v0.0.0-20210819081733-a307345436dd h1:Xql/v4lDl/6/Ov+fMXBBJagCu6P2VTDs+7ATGDQbgwM=
github.com/charlesetsmith/saratoga/request v0.0.0-20210819081733-a307345436dd/go.mod h1:Lg6Zsp6PFSBw/KQ+8q5qmMRgdf5jcR+1+qNeDu0kQBw=
github.com/charlesetsmith/saratoga/sarflags v0.0.0-20210728070526-75de3a3b09e3/go.mod h1:dGverSAag+6JnnbQi1nN9rEF6InGSv/tIXMvRZZ5xCQ=
github.com/charlesetsmith/saratoga/sarflags v0.0.0-20210818213307-eee4f318e7fc/go.mod h1:KaiURxMyR+ZAqhzn0qAMqWhck0Xa3OoTg71Am4Qcitk=
github.com/charlesetsmith/saratoga/sarflags v0.0.0-20210818215558-ed7a21b17a3e/go.mod h1:KaiURxMyR+ZAqhzn0qAMqWhck0Xa3OoTg71Am4Qcitk=
github.com/charlesetsmith/saratoga/sarflags v0.0.0-20210819081733-a307345436dd h1:/faYV2RMAfrwE5cB8bqhPGVAsaVdyy2bWhpf+/vEYQs=
github.com/charlesetsmith/saratoga/sarflags v0.0.0-20210819081733-a307345436dd/go.mod h1:KaiURxMyR+ZAqhzn0qAMqWhck0Xa3OoTg71Am4Qcitk=
github.com/charlesetsmith/saratoga/sarnet v0.0.0-20210728070526-75de3a3b09e3/go.mod h1:JtOCHsXSb45m5E17afXq6NxOJV5d8m+XmVVoRA12SuY=
github.com/charlesetsmith/saratoga/sarnet v0.0.0-20210818213307-eee4f318e7fc/go.mod h1:JtOCHsXSb45m5E17afXq6NxOJV5d8m+XmVVoRA12SuY=
github.com/charlesetsmith/saratoga/sarnet v0.0.0-20210818215558-ed7a21b17a3e/go.mod h1:JtOCHsXSb45m5E17afXq6NxOJV5d8m+XmVVoRA12SuY=
github.com/charlesetsmith/saratoga/sarnet v0.0.0-20210819081733-a307345436dd h1:c2ye42c5edum+SXfR+hbLzncCxdvT5kyOZC4oRz/4o8=
github.com/charlesetsmith/saratoga/sarnet v0.0.0-20210819081733-a307345436dd/go.mod h1:JtOCHsXSb45m5E17afXq6NxOJV5d8m+XmVVoRA12SuY=
github.com/charlesetsmith/saratoga/sarscreen v0.0.0-20210728070526-75de3a3b09e3/go.mod h1:iCXl09wVenqcTOPZUlY2tJbuIBAWCYu+vNPz/6Dauto=
github.com/charlesetsmith/saratoga/sarscreen v0.0.0-20210818213307-eee4f318e7fc/go.mod h1:a92XW2bD+tpy/KFfyaRm5Nxa4qx7Qm1Z18s/tmWNEpk=
github.com/charlesetsmith/saratoga/sarscreen v0.0.0-20210818215558-ed7a21b17a3e/go.mod h1:a92XW2bD+tpy/KFfyaRm5Nxa4qx7Qm1Z18s/tmWNEpk=
github.com/charlesetsmith/saratoga/sarscreen v0.0.0-20210819081132-03f5a8a795c7 h1:DEzZ65VHWUFvE8NyYMAcXIwPlOqnITlGZMvE09Z5oyg=
github.com/charlesetsmith/saratoga/sarscreen v0.0.0-20210819081132-03f5a8a795c7/go.mod h1:a92XW2bD+tpy/KFfyaRm5Nxa4qx7Qm1Z18s/tmWNEpk=
github.com/charlesetsmith/saratoga/sarsys v0.0.0-20210728070526-75de3a3b09e3/go.mod h1:nG/ipd2ja6lXgiqE6JDs8hoitMALk0yx4SMPiLdrqzc=
github.com/charlesetsmith/saratoga/sarsys v0.0.0-20210818213307-eee4f318e7fc/go.mod h1:nG/ipd2ja6lXgiqE6JDs8hoitMALk0yx4SMPiLdrqzc=
github.com/charlesetsmith/saratoga/sarsys v0.0.0-20210818215558-ed7a21b17a3e/go.mod h1:nG/ipd2ja6lXgiqE6JDs8hoitMALk0yx4SMPiLdrqzc=
github.com/charlesetsmith/saratoga/sarsys v0.0.0-20210819081733-a307345436dd h1:BmPrwGrZbr77mNlUqfs2mj63E3dMIUU6PIZPCGUPgik=
github.com/charlesetsmith/saratoga/sarsys v0.0.0-20210819081733-a307345436dd/go.mod h1:nG/ipd2ja6lXgiqE6JDs8hoitMALk0yx4SMPiLdrqzc=
github.com/charlesetsmith/saratoga/status v0.0.0-20210818214505-c90cac5e42df/go.mod h1:RpQ2JAJGd+O2CZ1EkHlGj1w7ZHKd2EuiH5WK39hCpsM=
github.com/charlesetsmith/saratoga/status v0.0.0-20210818215558-ed7a21b17a3e/go.mod h1:RpQ2JAJGd+O2CZ1EkHlGj1w7ZHKd2EuiH5WK39hCpsM=
github.com/charlesetsmith/saratoga/status v0.0.0-20210819081733-a307345436dd h1:umfKIGHB+AaAjrULoiFa5nmBtk5e8ZeiFF+/tV+0Wno=
github.com/charlesetsmith/saratoga/status v0.0.0-20210819081733-a307345436dd/go.mod h1:RpQ2JAJGd+O2CZ1EkHlGj1w7ZHKd2EuiH5WK39hCpsM=
github.com/charlesetsmith/saratoga/timestamp v0.0.0-20210728070526-75de3a3b09e3/go.mod h1:RWo5CbsSGjWk5+un/pVpWgqJ1TCcUh6IoFEkSmuj4h4=
github.com/charlesetsmith/saratoga/timestamp v0.0.0-20210818213307-eee4f318e7fc/go.mod h1:C0uM79WKdSqhxqfIrGxCkh1tJgD6F6IhLcpIC4AxzLI=
github.com/charlesetsmith/saratoga/timestamp v0.0.0-20210818215558-ed7a21b17a3e/go.mod h1:C0uM79WKdSqhxqfIrGxCkh1tJgD6F6IhLcpIC4AxzLI=
github.com/charlesetsmith/saratoga/timestamp v0.0.0-20210819081132-03f5a8a795c7 h1:OYsNdKczMoKU7kTLhQFCap0sFrTW/Hb/J1yISy6WCbE=
github.com/charlesetsmith/saratoga/timestamp v0.0.0-20210819081132-03f5a8a795c7/go.mod h1:C0uM79WKdSqhxqfIrGxCkh1tJgD6F6IhLcpIC4AxzLI=
github.com/charlesetsmith/saratoga/transfer v0.0.0-20210818215558-ed7a21b17a3e/go.mod h1:R1QVGupPTwKZoSjFceeH7LahhVCp7xn5qzUosaCy9X8=
github.com/charlesetsmith/saratoga/transfer v0.0.0-20210819081733-a307345436dd h1:s6GF25opjuqriB1HtUOts+DMs5nAqLRhMd4rz3lOBMc=
github.com/charlesetsmith/saratoga/transfer v0.0.0-20210819081733-a307345436dd/go.mod h1:0MuZXwGbzn7W789ELkqIRFtIg50KGeGA6mrXy0hFY1g=
github.com/jroimartin/gocui v0.4.0/go.mod h1:7i7bbj99OgFHzo7kB2zPb8pXLqMBSQegY7azfqXMkyY=
github.com/jroimartin/gocui v0.5.0 h1:DCZc97zY9dMnHXJSJLLmx9VqiEnAj0yh0eTNpuEtG/4=
github.com/jroimartin/gocui v0.5.0/go.mod h1:l7Hz8DoYoL6NoYnlnaX6XCNR62G7J5FfSW5jEogzaxE=
github.com/mattn/go-runewidth v0.0.9/go.mod h1:H031xJmbD/WCDINGzjvQ9THkh0rPKHF+m2gUSrubnMI=
github.com/mattn/go-runewidth v0.0.13 h1:lTGmDsbAYt5DmK6OnoV7EuIF1wEIFAcxld6ypU4OSgU=
github.com/mattn/go-runewidth v0.0.13/go.mod h1:Jdepj2loyihRzMpdS35Xk/zdY8IAYHsh153qUoGf23w=
github.com/nsf/termbox-go v1.1.1 h1:nksUPLCb73Q++DwbYUBEglYBRPZyoXJdrj5L+TkjyZY=
github.com/nsf/termbox-go v1.1.1/go.mod h1:T0cTdVuOwf7pHQNtfhnEbzHbcNyCEcVU4YPpouCbVxo=
github.com/rivo/uniseg v0.2.0 h1:S1pD9weZBuJdFmowNwbpi7BJ8TNftyUImj/0WQi72jY=
github.com/rivo/uniseg v0.2.0/go.mod h1:J6wj4VEh+S6ZtnVlnTBMWIodfgj8LQOQFoIToxlJtxc=
