github.com/charlesetsmith/saratoga/beacon v0.0.0-20210728070526-75de3a3b09e3/go.mod h1:wT2H8M3trIhRhZanHkq9kAxgvI3ky9tD0LmCixAWqKE=
github.com/charlesetsmith/saratoga/beacon v0.0.0-20210729114111-f0d5a5cd1cc3 h1:pr8QvTVJZK76vvs2q/qA/lkw1ktXXDJrSquhX865QSA=
github.com/charlesetsmith/saratoga/beacon v0.0.0-20210729114111-f0d5a5cd1cc3/go.mod h1:/am2nE4gBTIeB9lLniSCsf57Khow9PcMPerw6rmDGv4=
github.com/charlesetsmith/saratoga/cli v0.0.0-20210729114111-f0d5a5cd1cc3 h1:HBeM58D4UVG6QS+yy1z4U0q0usNnLSl5AYygyHr91Xc=
github.com/charlesetsmith/saratoga/cli v0.0.0-20210729114111-f0d5a5cd1cc3/go.mod h1:vuDQtcHL7C764v90Lyb6rqATQ/4X8reh6cTwBv7jnSw=
github.com/charlesetsmith/saratoga/data v0.0.0-20210728070526-75de3a3b09e3/go.mod h1:Myv7Xz/6P1Uzw4Aw9udnrSYEC0i4v5wXT2zU2IUjKmU=
github.com/charlesetsmith/saratoga/data v0.0.0-20210729114111-f0d5a5cd1cc3 h1:++aT0nSkyPYKV7fAJJUjocC/N4iyq36ExMqgi6yWCKg=
github.com/charlesetsmith/saratoga/data v0.0.0-20210729114111-f0d5a5cd1cc3/go.mod h1:mTD7bEIn3WQvaPkrydDLgyUyHyklh3UqERDdBX+LVFA=
github.com/charlesetsmith/saratoga/dirent v0.0.0-20210728070526-75de3a3b09e3 h1:gvWAluUeq4LZUq2ZcoNg05tcvXCJ9IIXLJtxsZTIa8s=
github.com/charlesetsmith/saratoga/dirent v0.0.0-20210728070526-75de3a3b09e3/go.mod h1:FlJ7utKz2ePxnL/3BXZEdATGq2yYTT0ZLwKBogSgIQA=
github.com/charlesetsmith/saratoga/frames v0.0.0-20210728070526-75de3a3b09e3 h1:fLIfw4ky/XZG0EGQlh4YpWr7J9ulG+8p9REFgMDL4fY=
github.com/charlesetsmith/saratoga/frames v0.0.0-20210728070526-75de3a3b09e3/go.mod h1:vQyQRFb0izk7Z1jPUva0zGgv37iEeIbFfroczsSMOHA=
github.com/charlesetsmith/saratoga/holes v0.0.0-20210728070526-75de3a3b09e3 h1:KbbP0+uUcBoMkZlRS242dV5HmFCeYRQ9WJuERpDlxQo=
github.com/charlesetsmith/saratoga/holes v0.0.0-20210728070526-75de3a3b09e3/go.mod h1:FolBySBqHe+s8Rd9q8duaNl/L8Zp6l9CwosXOIMeMv0=
github.com/charlesetsmith/saratoga/metadata v0.0.0-20210728070526-75de3a3b09e3/go.mod h1:fk6F1Qq04d4F7hK1QGSY4OMJzLv2tn6c6jFy1Jw8gSQ=
github.com/charlesetsmith/saratoga/metadata v0.0.0-20210729114111-f0d5a5cd1cc3 h1:whuJVUHdbR9yzxoW/x3+wt2bSQwTE2x7NIMVaDK2jaA=
github.com/charlesetsmith/saratoga/metadata v0.0.0-20210729114111-f0d5a5cd1cc3/go.mod h1:ZtTreDTKPmxNh2FlmT9r4ceWCavOc7SHOD7IQ4rNqi4=
github.com/charlesetsmith/saratoga/request v0.0.0-20210728070526-75de3a3b09e3/go.mod h1:8rCirKGxD9Ah8ArMHQRgb03G+7nfEshR1dRLFnqhR/Q=
github.com/charlesetsmith/saratoga/request v0.0.0-20210729114111-f0d5a5cd1cc3 h1:LdcHKdyUp/qButP7V82AKJRPjObltEoiusBmU1WYtS0=
github.com/charlesetsmith/saratoga/request v0.0.0-20210729114111-f0d5a5cd1cc3/go.mod h1:Lg6Zsp6PFSBw/KQ+8q5qmMRgdf5jcR+1+qNeDu0kQBw=
github.com/charlesetsmith/saratoga/sarconfig v0.0.0-20210729144656-265d8c9823c6 h1:kcVkiiaEQX7wsK6j3CkiETOg0gXlK2UC9qygdJv/reI=
github.com/charlesetsmith/saratoga/sarconfig v0.0.0-20210729144656-265d8c9823c6/go.mod h1:OWF0jTRB/W1OBzWUQdMEuFEr3uiKAEISJyXFrqJZJ3g=
github.com/charlesetsmith/saratoga/sarflags v0.0.0-20210728070526-75de3a3b09e3/go.mod h1:dGverSAag+6JnnbQi1nN9rEF6InGSv/tIXMvRZZ5xCQ=
github.com/charlesetsmith/saratoga/sarflags v0.0.0-20210729114111-f0d5a5cd1cc3 h1:OHxj523X/7jNTmEiJHtzzcTTUfStd9qEFQCaWX0YP5U=
github.com/charlesetsmith/saratoga/sarflags v0.0.0-20210729114111-f0d5a5cd1cc3/go.mod h1:KaiURxMyR+ZAqhzn0qAMqWhck0Xa3OoTg71Am4Qcitk=
github.com/charlesetsmith/saratoga/sarnet v0.0.0-20210728070526-75de3a3b09e3/go.mod h1:JtOCHsXSb45m5E17afXq6NxOJV5d8m+XmVVoRA12SuY=
github.com/charlesetsmith/saratoga/sarnet v0.0.0-20210728074131-25506818d495/go.mod h1:JtOCHsXSb45m5E17afXq6NxOJV5d8m+XmVVoRA12SuY=
github.com/charlesetsmith/saratoga/sarnet v0.0.0-20210729114111-f0d5a5cd1cc3 h1:9awMi8OyQJWFuFXz7iVWPwuyW6Dz7MtZuXn+KHoYlc4=
github.com/charlesetsmith/saratoga/sarnet v0.0.0-20210729114111-f0d5a5cd1cc3/go.mod h1:JtOCHsXSb45m5E17afXq6NxOJV5d8m+XmVVoRA12SuY=
github.com/charlesetsmith/saratoga/sarscreen v0.0.0-20210728070526-75de3a3b09e3/go.mod h1:iCXl09wVenqcTOPZUlY2tJbuIBAWCYu+vNPz/6Dauto=
github.com/charlesetsmith/saratoga/sarscreen v0.0.0-20210728074131-25506818d495/go.mod h1:a92XW2bD+tpy/KFfyaRm5Nxa4qx7Qm1Z18s/tmWNEpk=
github.com/charlesetsmith/saratoga/sarscreen v0.0.0-20210729114111-f0d5a5cd1cc3 h1:CRTWDsWYzrCC/ShdLiKn2vBFUpgeSn8euoo1h/9xRhg=
github.com/charlesetsmith/saratoga/sarscreen v0.0.0-20210729114111-f0d5a5cd1cc3/go.mod h1:a92XW2bD+tpy/KFfyaRm5Nxa4qx7Qm1Z18s/tmWNEpk=
github.com/charlesetsmith/saratoga/sarsys v0.0.0-20210728070526-75de3a3b09e3 h1:QEDEC3S1YBu2ZEQnirs6OjSP6uX9zVroP6IobO5wNok=
github.com/charlesetsmith/saratoga/sarsys v0.0.0-20210728070526-75de3a3b09e3/go.mod h1:nG/ipd2ja6lXgiqE6JDs8hoitMALk0yx4SMPiLdrqzc=
github.com/charlesetsmith/saratoga/status v0.0.0-20210728070526-75de3a3b09e3/go.mod h1:0XwGitRRfyyX4PGaqEifgHdHp6MXdxobKyUITalflFo=
github.com/charlesetsmith/saratoga/status v0.0.0-20210729114111-f0d5a5cd1cc3 h1:Oic667v/Kup3k/QZLDBPLJeuIoy7H3Z6sLcKevKqGPw=
github.com/charlesetsmith/saratoga/status v0.0.0-20210729114111-f0d5a5cd1cc3/go.mod h1:RpQ2JAJGd+O2CZ1EkHlGj1w7ZHKd2EuiH5WK39hCpsM=
github.com/charlesetsmith/saratoga/timestamp v0.0.0-20210728070526-75de3a3b09e3 h1:xIu/tkXswymX7PW/7iD042s4BBcU/MbZOfLFPVuvEvo=
github.com/charlesetsmith/saratoga/timestamp v0.0.0-20210728070526-75de3a3b09e3/go.mod h1:RWo5CbsSGjWk5+un/pVpWgqJ1TCcUh6IoFEkSmuj4h4=
github.com/charlesetsmith/saratoga/transfer v0.0.0-20210728074131-25506818d495/go.mod h1:vCKznMyDi9DlDRxuuJBAE+eSvmghYbcH3QiliWrahGE=
github.com/charlesetsmith/saratoga/transfer v0.0.0-20210729114111-f0d5a5cd1cc3 h1:vr49BePeFr/K+5kvIBYTiduC0K602oEKZFPQtsRvD8M=
github.com/charlesetsmith/saratoga/transfer v0.0.0-20210729114111-f0d5a5cd1cc3/go.mod h1:vCKznMyDi9DlDRxuuJBAE+eSvmghYbcH3QiliWrahGE=
github.com/jroimartin/gocui v0.4.0 h1:52jnalstgmc25FmtGcWqa0tcbMEWS6RpFLsOIO+I+E8=
github.com/jroimartin/gocui v0.4.0/go.mod h1:7i7bbj99OgFHzo7kB2zPb8pXLqMBSQegY7azfqXMkyY=
github.com/mattn/go-runewidth v0.0.9 h1:Lm995f3rfxdpd6TSmuVCHVb/QhupuXlYr8sCI/QdE+0=
github.com/mattn/go-runewidth v0.0.9/go.mod h1:H031xJmbD/WCDINGzjvQ9THkh0rPKHF+m2gUSrubnMI=
github.com/nsf/termbox-go v1.1.1 h1:nksUPLCb73Q++DwbYUBEglYBRPZyoXJdrj5L+TkjyZY=
github.com/nsf/termbox-go v1.1.1/go.mod h1:T0cTdVuOwf7pHQNtfhnEbzHbcNyCEcVU4YPpouCbVxo=
